// !$*UTF8*$!
{
	archiveVersion = 1;
	classes = {
	};
	objectVersion = 46;
	objects = {

/* Begin PBXBuildFile section */
		337D7F7F17F1C0E0007B52F7 /* Foundation.framework in Frameworks */ = {isa = PBXBuildFile; fileRef = 337D7F7E17F1C0E0007B52F7 /* Foundation.framework */; };
		337D7F8117F1C0E0007B52F7 /* CoreGraphics.framework in Frameworks */ = {isa = PBXBuildFile; fileRef = 337D7F8017F1C0E0007B52F7 /* CoreGraphics.framework */; };
		337D7F8317F1C0E0007B52F7 /* UIKit.framework in Frameworks */ = {isa = PBXBuildFile; fileRef = 337D7F8217F1C0E0007B52F7 /* UIKit.framework */; };
		337D7F8917F1C0E0007B52F7 /* InfoPlist.strings in Resources */ = {isa = PBXBuildFile; fileRef = 337D7F8717F1C0E0007B52F7 /* InfoPlist.strings */; };
		337D7F8B17F1C0E0007B52F7 /* main.m in Sources */ = {isa = PBXBuildFile; fileRef = 337D7F8A17F1C0E0007B52F7 /* main.m */; };
		337D7F8F17F1C0E0007B52F7 /* LCAppDelegate.m in Sources */ = {isa = PBXBuildFile; fileRef = 337D7F8E17F1C0E0007B52F7 /* LCAppDelegate.m */; };
		337D7F9217F1C0E0007B52F7 /* Main.storyboard in Resources */ = {isa = PBXBuildFile; fileRef = 337D7F9017F1C0E0007B52F7 /* Main.storyboard */; };
		337D7F9517F1C0E0007B52F7 /* LCViewController.m in Sources */ = {isa = PBXBuildFile; fileRef = 337D7F9417F1C0E0007B52F7 /* LCViewController.m */; };
		337D7F9717F1C0E0007B52F7 /* Images.xcassets in Resources */ = {isa = PBXBuildFile; fileRef = 337D7F9617F1C0E0007B52F7 /* Images.xcassets */; };
		337D7F9E17F1C0E0007B52F7 /* XCTest.framework in Frameworks */ = {isa = PBXBuildFile; fileRef = 337D7F9D17F1C0E0007B52F7 /* XCTest.framework */; };
		337D7F9F17F1C0E0007B52F7 /* Foundation.framework in Frameworks */ = {isa = PBXBuildFile; fileRef = 337D7F7E17F1C0E0007B52F7 /* Foundation.framework */; };
		337D7FA017F1C0E0007B52F7 /* UIKit.framework in Frameworks */ = {isa = PBXBuildFile; fileRef = 337D7F8217F1C0E0007B52F7 /* UIKit.framework */; };
		337D7FA817F1C0E0007B52F7 /* InfoPlist.strings in Resources */ = {isa = PBXBuildFile; fileRef = 337D7FA617F1C0E0007B52F7 /* InfoPlist.strings */; };
		337D7FAA17F1C0E0007B52F7 /* HelloCocoaTests.m in Sources */ = {isa = PBXBuildFile; fileRef = 337D7FA917F1C0E0007B52F7 /* HelloCocoaTests.m */; };
/* End PBXBuildFile section */

/* Begin PBXContainerItemProxy section */
		337D7FA117F1C0E0007B52F7 /* PBXContainerItemProxy */ = {
			isa = PBXContainerItemProxy;
			containerPortal = 337D7F7317F1C0E0007B52F7 /* Project object */;
			proxyType = 1;
			remoteGlobalIDString = 337D7F7A17F1C0E0007B52F7;
			remoteInfo = HelloCocoa;
		};
/* End PBXContainerItemProxy section */

/* Begin PBXFileReference section */
		337D7F7B17F1C0E0007B52F7 /* HelloCocoa.app */ = {isa = PBXFileReference; explicitFileType = wrapper.application; includeInIndex = 0; path = HelloCocoa.app; sourceTree = BUILT_PRODUCTS_DIR; };
		337D7F7E17F1C0E0007B52F7 /* Foundation.framework */ = {isa = PBXFileReference; lastKnownFileType = wrapper.framework; name = Foundation.framework; path = System/Library/Frameworks/Foundation.framework; sourceTree = SDKROOT; };
		337D7F8017F1C0E0007B52F7 /* CoreGraphics.framework */ = {isa = PBXFileReference; lastKnownFileType = wrapper.framework; name = CoreGraphics.framework; path = System/Library/Frameworks/CoreGraphics.framework; sourceTree = SDKROOT; };
		337D7F8217F1C0E0007B52F7 /* UIKit.framework */ = {isa = PBXFileReference; lastKnownFileType = wrapper.framework; name = UIKit.framework; path = System/Library/Frameworks/UIKit.framework; sourceTree = SDKROOT; };
		337D7F8617F1C0E0007B52F7 /* HelloCocoa-Info.plist */ = {isa = PBXFileReference; lastKnownFileType = text.plist.xml; path = "HelloCocoa-Info.plist"; sourceTree = "<group>"; };
		337D7F8817F1C0E0007B52F7 /* en */ = {isa = PBXFileReference; lastKnownFileType = text.plist.strings; name = en; path = en.lproj/InfoPlist.strings; sourceTree = "<group>"; };
		337D7F8A17F1C0E0007B52F7 /* main.m */ = {isa = PBXFileReference; lastKnownFileType = sourcecode.c.objc; path = main.m; sourceTree = "<group>"; };
		337D7F8C17F1C0E0007B52F7 /* HelloCocoa-Prefix.pch */ = {isa = PBXFileReference; lastKnownFileType = sourcecode.c.h; path = "HelloCocoa-Prefix.pch"; sourceTree = "<group>"; };
		337D7F8D17F1C0E0007B52F7 /* LCAppDelegate.h */ = {isa = PBXFileReference; lastKnownFileType = sourcecode.c.h; path = LCAppDelegate.h; sourceTree = "<group>"; };
		337D7F8E17F1C0E0007B52F7 /* LCAppDelegate.m */ = {isa = PBXFileReference; lastKnownFileType = sourcecode.c.objc; path = LCAppDelegate.m; sourceTree = "<group>"; };
		337D7F9117F1C0E0007B52F7 /* Base */ = {isa = PBXFileReference; lastKnownFileType = file.storyboard; name = Base; path = Base.lproj/Main.storyboard; sourceTree = "<group>"; };
		337D7F9317F1C0E0007B52F7 /* LCViewController.h */ = {isa = PBXFileReference; lastKnownFileType = sourcecode.c.h; path = LCViewController.h; sourceTree = "<group>"; };
		337D7F9417F1C0E0007B52F7 /* LCViewController.m */ = {isa = PBXFileReference; lastKnownFileType = sourcecode.c.objc; path = LCViewController.m; sourceTree = "<group>"; };
		337D7F9617F1C0E0007B52F7 /* Images.xcassets */ = {isa = PBXFileReference; lastKnownFileType = folder.assetcatalog; path = Images.xcassets; sourceTree = "<group>"; };
		337D7F9C17F1C0E0007B52F7 /* HelloCocoaTests.xctest */ = {isa = PBXFileReference; explicitFileType = wrapper.cfbundle; includeInIndex = 0; path = HelloCocoaTests.xctest; sourceTree = BUILT_PRODUCTS_DIR; };
		337D7F9D17F1C0E0007B52F7 /* XCTest.framework */ = {isa = PBXFileReference; lastKnownFileType = wrapper.framework; name = XCTest.framework; path = Library/Frameworks/XCTest.framework; sourceTree = DEVELOPER_DIR; };
		337D7FA517F1C0E0007B52F7 /* HelloCocoaTests-Info.plist */ = {isa = PBXFileReference; lastKnownFileType = text.plist.xml; path = "HelloCocoaTests-Info.plist"; sourceTree = "<group>"; };
		337D7FA717F1C0E0007B52F7 /* en */ = {isa = PBXFileReference; lastKnownFileType = text.plist.strings; name = en; path = en.lproj/InfoPlist.strings; sourceTree = "<group>"; };
		337D7FA917F1C0E0007B52F7 /* HelloCocoaTests.m */ = {isa = PBXFileReference; lastKnownFileType = sourcecode.c.objc; path = HelloCocoaTests.m; sourceTree = "<group>"; };
/* End PBXFileReference section */

/* Begin PBXFrameworksBuildPhase section */
		337D7F7817F1C0E0007B52F7 /* Frameworks */ = {
			isa = PBXFrameworksBuildPhase;
			buildActionMask = 2147483647;
			files = (
				337D7F8117F1C0E0007B52F7 /* CoreGraphics.framework in Frameworks */,
				337D7F8317F1C0E0007B52F7 /* UIKit.framework in Frameworks */,
				337D7F7F17F1C0E0007B52F7 /* Foundation.framework in Frameworks */,
			);
			runOnlyForDeploymentPostprocessing = 0;
		};
		337D7F9917F1C0E0007B52F7 /* Frameworks */ = {
			isa = PBXFrameworksBuildPhase;
			buildActionMask = 2147483647;
			files = (
				337D7F9E17F1C0E0007B52F7 /* XCTest.framework in Frameworks */,
				337D7FA017F1C0E0007B52F7 /* UIKit.framework in Frameworks */,
				337D7F9F17F1C0E0007B52F7 /* Foundation.framework in Frameworks */,
			);
			runOnlyForDeploymentPostprocessing = 0;
		};
/* End PBXFrameworksBuildPhase section */

/* Begin PBXGroup section */
		337D7F7217F1C0E0007B52F7 = {
			isa = PBXGroup;
			children = (
				337D7F8417F1C0E0007B52F7 /* HelloCocoa */,
				337D7FA317F1C0E0007B52F7 /* HelloCocoaTests */,
				337D7F7D17F1C0E0007B52F7 /* Frameworks */,
				337D7F7C17F1C0E0007B52F7 /* Products */,
			);
			sourceTree = "<group>";
		};
		337D7F7C17F1C0E0007B52F7 /* Products */ = {
			isa = PBXGroup;
			children = (
				337D7F7B17F1C0E0007B52F7 /* HelloCocoa.app */,
				337D7F9C17F1C0E0007B52F7 /* HelloCocoaTests.xctest */,
			);
			name = Products;
			sourceTree = "<group>";
		};
		337D7F7D17F1C0E0007B52F7 /* Frameworks */ = {
			isa = PBXGroup;
			children = (
				337D7F7E17F1C0E0007B52F7 /* Foundation.framework */,
				337D7F8017F1C0E0007B52F7 /* CoreGraphics.framework */,
				337D7F8217F1C0E0007B52F7 /* UIKit.framework */,
				337D7F9D17F1C0E0007B52F7 /* XCTest.framework */,
			);
			name = Frameworks;
			sourceTree = "<group>";
		};
		337D7F8417F1C0E0007B52F7 /* HelloCocoa */ = {
			isa = PBXGroup;
			children = (
				337D7F8D17F1C0E0007B52F7 /* LCAppDelegate.h */,
				337D7F8E17F1C0E0007B52F7 /* LCAppDelegate.m */,
				337D7F9017F1C0E0007B52F7 /* Main.storyboard */,
				337D7F9317F1C0E0007B52F7 /* LCViewController.h */,
				337D7F9417F1C0E0007B52F7 /* LCViewController.m */,
				337D7F9617F1C0E0007B52F7 /* Images.xcassets */,
				337D7F8517F1C0E0007B52F7 /* Supporting Files */,
			);
			path = HelloCocoa;
			sourceTree = "<group>";
		};
		337D7F8517F1C0E0007B52F7 /* Supporting Files */ = {
			isa = PBXGroup;
			children = (
				337D7F8617F1C0E0007B52F7 /* HelloCocoa-Info.plist */,
				337D7F8717F1C0E0007B52F7 /* InfoPlist.strings */,
				337D7F8A17F1C0E0007B52F7 /* main.m */,
				337D7F8C17F1C0E0007B52F7 /* HelloCocoa-Prefix.pch */,
			);
			name = "Supporting Files";
			sourceTree = "<group>";
		};
		337D7FA317F1C0E0007B52F7 /* HelloCocoaTests */ = {
			isa = PBXGroup;
			children = (
				337D7FA917F1C0E0007B52F7 /* HelloCocoaTests.m */,
				337D7FA417F1C0E0007B52F7 /* Supporting Files */,
			);
			path = HelloCocoaTests;
			sourceTree = "<group>";
		};
		337D7FA417F1C0E0007B52F7 /* Supporting Files */ = {
			isa = PBXGroup;
			children = (
				337D7FA517F1C0E0007B52F7 /* HelloCocoaTests-Info.plist */,
				337D7FA617F1C0E0007B52F7 /* InfoPlist.strings */,
			);
			name = "Supporting Files";
			sourceTree = "<group>";
		};
/* End PBXGroup section */

/* Begin PBXNativeTarget section */
		337D7F7A17F1C0E0007B52F7 /* HelloCocoa */ = {
			isa = PBXNativeTarget;
			buildConfigurationList = 337D7FAD17F1C0E0007B52F7 /* Build configuration list for PBXNativeTarget "HelloCocoa" */;
			buildPhases = (
				337D7F7717F1C0E0007B52F7 /* Sources */,
				337D7F7817F1C0E0007B52F7 /* Frameworks */,
				337D7F7917F1C0E0007B52F7 /* Resources */,
			);
			buildRules = (
			);
			dependencies = (
			);
			name = HelloCocoa;
			productName = HelloCocoa;
			productReference = 337D7F7B17F1C0E0007B52F7 /* HelloCocoa.app */;
			productType = "com.apple.product-type.application";
		};
		337D7F9B17F1C0E0007B52F7 /* HelloCocoaTests */ = {
			isa = PBXNativeTarget;
			buildConfigurationList = 337D7FB017F1C0E0007B52F7 /* Build configuration list for PBXNativeTarget "HelloCocoaTests" */;
			buildPhases = (
				337D7F9817F1C0E0007B52F7 /* Sources */,
				337D7F9917F1C0E0007B52F7 /* Frameworks */,
				337D7F9A17F1C0E0007B52F7 /* Resources */,
			);
			buildRules = (
			);
			dependencies = (
				337D7FA217F1C0E0007B52F7 /* PBXTargetDependency */,
			);
			name = HelloCocoaTests;
			productName = HelloCocoaTests;
			productReference = 337D7F9C17F1C0E0007B52F7 /* HelloCocoaTests.xctest */;
			productType = "com.apple.product-type.bundle.unit-test";
		};
/* End PBXNativeTarget section */

/* Begin PBXProject section */
		337D7F7317F1C0E0007B52F7 /* Project object */ = {
			isa = PBXProject;
			attributes = {
				CLASSPREFIX = LC;
				LastUpgradeCheck = 0500;
				TargetAttributes = {
					337D7F9B17F1C0E0007B52F7 = {
						TestTargetID = 337D7F7A17F1C0E0007B52F7;
					};
				};
			};
			buildConfigurationList = 337D7F7617F1C0E0007B52F7 /* Build configuration list for PBXProject "HelloCocoa" */;
			compatibilityVersion = "Xcode 3.2";
			developmentRegion = English;
			hasScannedForEncodings = 0;
			knownRegions = (
				en,
				Base,
			);
			mainGroup = 337D7F7217F1C0E0007B52F7;
			productRefGroup = 337D7F7C17F1C0E0007B52F7 /* Products */;
			projectDirPath = "";
			projectRoot = "";
			targets = (
				337D7F7A17F1C0E0007B52F7 /* HelloCocoa */,
				337D7F9B17F1C0E0007B52F7 /* HelloCocoaTests */,
			);
		};
/* End PBXProject section */

/* Begin PBXResourcesBuildPhase section */
		337D7F7917F1C0E0007B52F7 /* Resources */ = {
			isa = PBXResourcesBuildPhase;
			buildActionMask = 2147483647;
			files = (
				337D7F9717F1C0E0007B52F7 /* Images.xcassets in Resources */,
				337D7F8917F1C0E0007B52F7 /* InfoPlist.strings in Resources */,
				337D7F9217F1C0E0007B52F7 /* Main.storyboard in Resources */,
			);
			runOnlyForDeploymentPostprocessing = 0;
		};
		337D7F9A17F1C0E0007B52F7 /* Resources */ = {
			isa = PBXResourcesBuildPhase;
			buildActionMask = 2147483647;
			files = (
				337D7FA817F1C0E0007B52F7 /* InfoPlist.strings in Resources */,
			);
			runOnlyForDeploymentPostprocessing = 0;
		};
/* End PBXResourcesBuildPhase section */

/* Begin PBXSourcesBuildPhase section */
		337D7F7717F1C0E0007B52F7 /* Sources */ = {
			isa = PBXSourcesBuildPhase;
			buildActionMask = 2147483647;
			files = (
				337D7F8B17F1C0E0007B52F7 /* main.m in Sources */,
				337D7F8F17F1C0E0007B52F7 /* LCAppDelegate.m in Sources */,
				337D7F9517F1C0E0007B52F7 /* LCViewController.m in Sources */,
			);
			runOnlyForDeploymentPostprocessing = 0;
		};
		337D7F9817F1C0E0007B52F7 /* Sources */ = {
			isa = PBXSourcesBuildPhase;
			buildActionMask = 2147483647;
			files = (
				337D7FAA17F1C0E0007B52F7 /* HelloCocoaTests.m in Sources */,
			);
			runOnlyForDeploymentPostprocessing = 0;
		};
/* End PBXSourcesBuildPhase section */

/* Begin PBXTargetDependency section */
		337D7FA217F1C0E0007B52F7 /* PBXTargetDependency */ = {
			isa = PBXTargetDependency;
			target = 337D7F7A17F1C0E0007B52F7 /* HelloCocoa */;
			targetProxy = 337D7FA117F1C0E0007B52F7 /* PBXContainerItemProxy */;
		};
/* End PBXTargetDependency section */

/* Begin PBXVariantGroup section */
		337D7F8717F1C0E0007B52F7 /* InfoPlist.strings */ = {
			isa = PBXVariantGroup;
			children = (
				337D7F8817F1C0E0007B52F7 /* en */,
			);
			name = InfoPlist.strings;
			sourceTree = "<group>";
		};
		337D7F9017F1C0E0007B52F7 /* Main.storyboard */ = {
			isa = PBXVariantGroup;
			children = (
				337D7F9117F1C0E0007B52F7 /* Base */,
			);
			name = Main.storyboard;
			sourceTree = "<group>";
		};
		337D7FA617F1C0E0007B52F7 /* InfoPlist.strings */ = {
			isa = PBXVariantGroup;
			children = (
				337D7FA717F1C0E0007B52F7 /* en */,
			);
			name = InfoPlist.strings;
			sourceTree = "<group>";
		};
/* End PBXVariantGroup section */

/* Begin XCBuildConfiguration section */
		337D7FAB17F1C0E0007B52F7 /* Debug */ = {
			isa = XCBuildConfiguration;
			buildSettings = {
				ALWAYS_SEARCH_USER_PATHS = NO;
				ARCHS = "$(ARCHS_STANDARD_INCLUDING_64_BIT)";
				CLANG_CXX_LANGUAGE_STANDARD = "gnu++0x";
				CLANG_CXX_LIBRARY = "libc++";
				CLANG_ENABLE_MODULES = YES;
				CLANG_ENABLE_OBJC_ARC = YES;
				CLANG_WARN_BOOL_CONVERSION = YES;
				CLANG_WARN_CONSTANT_CONVERSION = YES;
				CLANG_WARN_DIRECT_OBJC_ISA_USAGE = YES_ERROR;
				CLANG_WARN_EMPTY_BODY = YES;
				CLANG_WARN_ENUM_CONVERSION = YES;
				CLANG_WARN_INT_CONVERSION = YES;
				CLANG_WARN_OBJC_ROOT_CLASS = YES_ERROR;
				CLANG_WARN__DUPLICATE_METHOD_MATCH = YES;
				"CODE_SIGN_IDENTITY[sdk=iphoneos*]" = "iPhone Developer";
				COPY_PHASE_STRIP = NO;
				GCC_C_LANGUAGE_STANDARD = gnu99;
				GCC_DYNAMIC_NO_PIC = NO;
				GCC_OPTIMIZATION_LEVEL = 0;
				GCC_PREPROCESSOR_DEFINITIONS = (
					"DEBUG=1",
					"$(inherited)",
				);
				GCC_SYMBOLS_PRIVATE_EXTERN = NO;
				GCC_WARN_64_TO_32_BIT_CONVERSION = YES;
				GCC_WARN_ABOUT_RETURN_TYPE = YES_ERROR;
				GCC_WARN_UNDECLARED_SELECTOR = YES;
				GCC_WARN_UNINITIALIZED_AUTOS = YES;
				GCC_WARN_UNUSED_FUNCTION = YES;
				GCC_WARN_UNUSED_VARIABLE = YES;
				IPHONEOS_DEPLOYMENT_TARGET = 7.0;
				ONLY_ACTIVE_ARCH = YES;
				SDKROOT = iphoneos;
			};
			name = Debug;
		};
		337D7FAC17F1C0E0007B52F7 /* Release */ = {
			isa = XCBuildConfiguration;
			buildSettings = {
				ALWAYS_SEARCH_USER_PATHS = NO;
				ARCHS = "$(ARCHS_STANDARD_INCLUDING_64_BIT)";
				CLANG_CXX_LANGUAGE_STANDARD = "gnu++0x";
				CLANG_CXX_LIBRARY = "libc++";
				CLANG_ENABLE_MODULES = YES;
				CLANG_ENABLE_OBJC_ARC = YES;
				CLANG_WARN_BOOL_CONVERSION = YES;
				CLANG_WARN_CONSTANT_CONVERSION = YES;
				CLANG_WARN_DIRECT_OBJC_ISA_USAGE = YES_ERROR;
				CLANG_WARN_EMPTY_BODY = YES;
				CLANG_WARN_ENUM_CONVERSION = YES;
				CLANG_WARN_INT_CONVERSION = YES;
				CLANG_WARN_OBJC_ROOT_CLASS = YES_ERROR;
				CLANG_WARN__DUPLICATE_METHOD_MATCH = YES;
				"CODE_SIGN_IDENTITY[sdk=iphoneos*]" = "iPhone Developer";
				COPY_PHASE_STRIP = YES;
				ENABLE_NS_ASSERTIONS = NO;
				GCC_C_LANGUAGE_STANDARD = gnu99;
				GCC_WARN_64_TO_32_BIT_CONVERSION = YES;
				GCC_WARN_ABOUT_RETURN_TYPE = YES_ERROR;
				GCC_WARN_UNDECLARED_SELECTOR = YES;
				GCC_WARN_UNINITIALIZED_AUTOS = YES;
				GCC_WARN_UNUSED_FUNCTION = YES;
				GCC_WARN_UNUSED_VARIABLE = YES;
				IPHONEOS_DEPLOYMENT_TARGET = 7.0;
				SDKROOT = iphoneos;
				VALIDATE_PRODUCT = YES;
			};
			name = Release;
		};
		337D7FAE17F1C0E0007B52F7 /* Debug */ = {
			isa = XCBuildConfiguration;
			buildSettings = {
				ASSETCATALOG_COMPILER_APPICON_NAME = AppIcon;
				ASSETCATALOG_COMPILER_LAUNCHIMAGE_NAME = LaunchImage;
				GCC_PRECOMPILE_PREFIX_HEADER = YES;
				GCC_PREFIX_HEADER = "HelloCocoa/HelloCocoa-Prefix.pch";
				INFOPLIST_FILE = "HelloCocoa/HelloCocoa-Info.plist";
				PRODUCT_NAME = "$(TARGET_NAME)";
				WRAPPER_EXTENSION = app;
			};
			name = Debug;
		};
		337D7FAF17F1C0E0007B52F7 /* Release */ = {
			isa = XCBuildConfiguration;
			buildSettings = {
				ASSETCATALOG_COMPILER_APPICON_NAME = AppIcon;
				ASSETCATALOG_COMPILER_LAUNCHIMAGE_NAME = LaunchImage;
				GCC_PRECOMPILE_PREFIX_HEADER = YES;
				GCC_PREFIX_HEADER = "HelloCocoa/HelloCocoa-Prefix.pch";
				INFOPLIST_FILE = "HelloCocoa/HelloCocoa-Info.plist";
				PRODUCT_NAME = "$(TARGET_NAME)";
				WRAPPER_EXTENSION = app;
			};
			name = Release;
		};
		337D7FB117F1C0E0007B52F7 /* Debug */ = {
			isa = XCBuildConfiguration;
			buildSettings = {
				ARCHS = "$(ARCHS_STANDARD_INCLUDING_64_BIT)";
				BUNDLE_LOADER = "$(BUILT_PRODUCTS_DIR)/HelloCocoa.app/HelloCocoa";
				FRAMEWORK_SEARCH_PATHS = (
					"$(SDKROOT)/Developer/Library/Frameworks",
					"$(inherited)",
					"$(DEVELOPER_FRAMEWORKS_DIR)",
				);
				GCC_PRECOMPILE_PREFIX_HEADER = YES;
				GCC_PREFIX_HEADER = "HelloCocoa/HelloCocoa-Prefix.pch";
				GCC_PREPROCESSOR_DEFINITIONS = (
					"DEBUG=1",
					"$(inherited)",
				);
				INFOPLIST_FILE = "HelloCocoaTests/HelloCocoaTests-Info.plist";
				PRODUCT_NAME = "$(TARGET_NAME)";
				TEST_HOST = "$(BUNDLE_LOADER)";
				WRAPPER_EXTENSION = xctest;
			};
			name = Debug;
		};
		337D7FB217F1C0E0007B52F7 /* Release */ = {
			isa = XCBuildConfiguration;
			buildSettings = {
				ARCHS = "$(ARCHS_STANDARD_INCLUDING_64_BIT)";
				BUNDLE_LOADER = "$(BUILT_PRODUCTS_DIR)/HelloCocoa.app/HelloCocoa";
				FRAMEWORK_SEARCH_PATHS = (
					"$(SDKROOT)/Developer/Library/Frameworks",
					"$(inherited)",
					"$(DEVELOPER_FRAMEWORKS_DIR)",
				);
				GCC_PRECOMPILE_PREFIX_HEADER = YES;
				GCC_PREFIX_HEADER = "HelloCocoa/HelloCocoa-Prefix.pch";
				INFOPLIST_FILE = "HelloCocoaTests/HelloCocoaTests-Info.plist";
				PRODUCT_NAME = "$(TARGET_NAME)";
				TEST_HOST = "$(BUNDLE_LOADER)";
				WRAPPER_EXTENSION = xctest;
			};
			name = Release;
		};
/* End XCBuildConfiguration section */

/* Begin XCConfigurationList section */
		337D7F7617F1C0E0007B52F7 /* Build configuration list for PBXProject "HelloCocoa" */ = {
			isa = XCConfigurationList;
			buildConfigurations = (
				337D7FAB17F1C0E0007B52F7 /* Debug */,
				337D7FAC17F1C0E0007B52F7 /* Release */,
			);
			defaultConfigurationIsVisible = 0;
			defaultConfigurationName = Release;
		};
		337D7FAD17F1C0E0007B52F7 /* Build configuration list for PBXNativeTarget "HelloCocoa" */ = {
			isa = XCConfigurationList;
			buildConfigurations = (
				337D7FAE17F1C0E0007B52F7 /* Debug */,
				337D7FAF17F1C0E0007B52F7 /* Release */,
			);
			defaultConfigurationIsVisible = 0;
		};
		337D7FB017F1C0E0007B52F7 /* Build configuration list for PBXNativeTarget "HelloCocoaTests" */ = {
			isa = XCConfigurationList;
			buildConfigurations = (
				337D7FB117F1C0E0007B52F7 /* Debug */,
				337D7FB217F1C0E0007B52F7 /* Release */,
			);
			defaultConfigurationIsVisible = 0;
		};
/* End XCConfigurationList section */
	};
	rootObject = 337D7F7317F1C0E0007B52F7 /* Project object */;
}
